
Microsoft Visual Studio Solution File, Format Version 12.00
# Visual Studio Version 17
VisualStudioVersion = 17.9.34714.143
MinimumVisualStudioVersion = 10.0.40219.1
Project("{FAE04EC0-301F-11D3-BF4B-00C04F79EFBC}") = "MangaChecker", "MangaChecker\MangaChecker.csproj", "{A10F21A4-53BF-4A1B-A8AB-24FC1191B53A}"
EndProject
Global
	GlobalSection(SolutionConfigurationPlatforms) = preSolution
		Debug|Any CPU = Debug|Any CPU
		Release|Any CPU = Release|Any CPU
	EndGlobalSection
	GlobalSection(ProjectConfigurationPlatforms) = postSolution
		{A10F21A4-53BF-4A1B-A8AB-24FC1191B53A}.Debug|Any CPU.ActiveCfg = Debug|Any CPU
		{A10F21A4-53BF-4A1B-A8AB-24FC1191B53A}.Debug|Any CPU.Build.0 = Debug|Any CPU
		{A10F21A4-53BF-4A1B-A8AB-24FC1191B53A}.Release|Any CPU.ActiveCfg = Release|Any CPU
		{A10F21A4-53BF-4A1B-A8AB-24FC1191B53A}.Release|Any CPU.Build.0 = Release|Any CPU
	EndGlobalSection
	GlobalSection(SolutionProperties) = preSolution
		HideSolutionNode = FALSE
	EndGlobalSection
	GlobalSection(ExtensibilityGlobals) = postSolution
		SolutionGuid = {E590235A-290D-4989-ACE6-9D2F73B3E3F5}
	EndGlobalSection
EndGlobal
